
Microsoft Visual Studio Solution File, Format Version 12.00
# Visual Studio Version 16
VisualStudioVersion = 16.0.29911.84
MinimumVisualStudioVersion = 10.0.40219.1
Project("{8BC9CEB8-8B4A-11D0-8D11-00A0C91BC942}") = "test17", "test17\test17.vcxproj", "{DD4B1CC3-5335-4345-9264-C02F881414E8}"
EndProject
Global
	GlobalSection(SolutionConfigurationPlatforms) = preSolution
		Debug|x64 = Debug|x64
		Debug|x86 = Debug|x86
		Release|x64 = Release|x64
		Release|x86 = Release|x86
	EndGlobalSection
	GlobalSection(ProjectConfigurationPlatforms) = postSolution
		{DD4B1CC3-5335-4345-9264-C02F881414E8}.Debug|x64.ActiveCfg = Debug|x64
		{DD4B1CC3-5335-4345-9264-C02F881414E8}.Debug|x64.Build.0 = Debug|x64
		{DD4B1CC3-5335-4345-9264-C02F881414E8}.Debug|x86.ActiveCfg = Debug|Win32
		{DD4B1CC3-5335-4345-9264-C02F881414E8}.Debug|x86.Build.0 = Debug|Win32
		{DD4B1CC3-5335-4345-9264-C02F881414E8}.Release|x64.ActiveCfg = Release|x64
		{DD4B1CC3-5335-4345-9264-C02F881414E8}.Release|x64.Build.0 = Release|x64
		{DD4B1CC3-5335-4345-9264-C02F881414E8}.Release|x86.ActiveCfg = Release|Win32
		{DD4B1CC3-5335-4345-9264-C02F881414E8}.Release|x86.Build.0 = Release|Win32
	EndGlobalSection
	GlobalSection(SolutionProperties) = preSolution
		HideSolutionNode = FALSE
	EndGlobalSection
	GlobalSection(ExtensibilityGlobals) = postSolution
		SolutionGuid = {2E77A39A-8C0A-42B0-885D-4528829C8C80}
	EndGlobalSection
EndGlobal
