
Microsoft Visual Studio Solution File, Format Version 12.00
# Visual Studio Version 16
VisualStudioVersion = 16.0.29911.84
MinimumVisualStudioVersion = 10.0.40219.1
Project("{8BC9CEB8-8B4A-11D0-8D11-00A0C91BC942}") = "test11", "test11\test11.vcxproj", "{869B999B-46C6-445F-AAD8-859AC934033E}"
EndProject
Global
	GlobalSection(SolutionConfigurationPlatforms) = preSolution
		Debug|x64 = Debug|x64
		Debug|x86 = Debug|x86
		Release|x64 = Release|x64
		Release|x86 = Release|x86
	EndGlobalSection
	GlobalSection(ProjectConfigurationPlatforms) = postSolution
		{869B999B-46C6-445F-AAD8-859AC934033E}.Debug|x64.ActiveCfg = Debug|x64
		{869B999B-46C6-445F-AAD8-859AC934033E}.Debug|x64.Build.0 = Debug|x64
		{869B999B-46C6-445F-AAD8-859AC934033E}.Debug|x86.ActiveCfg = Debug|Win32
		{869B999B-46C6-445F-AAD8-859AC934033E}.Debug|x86.Build.0 = Debug|Win32
		{869B999B-46C6-445F-AAD8-859AC934033E}.Release|x64.ActiveCfg = Release|x64
		{869B999B-46C6-445F-AAD8-859AC934033E}.Release|x64.Build.0 = Release|x64
		{869B999B-46C6-445F-AAD8-859AC934033E}.Release|x86.ActiveCfg = Release|Win32
		{869B999B-46C6-445F-AAD8-859AC934033E}.Release|x86.Build.0 = Release|Win32
	EndGlobalSection
	GlobalSection(SolutionProperties) = preSolution
		HideSolutionNode = FALSE
	EndGlobalSection
	GlobalSection(ExtensibilityGlobals) = postSolution
		SolutionGuid = {313C0A40-2857-4960-B49B-2025673FFEC7}
	EndGlobalSection
EndGlobal
